
Microsoft Visual Studio Solution File, Format Version 12.00
# Visual Studio Version 17
VisualStudioVersion = 17.2.32505.173
MinimumVisualStudioVersion = 10.0.40219.1
Project("{FAE04EC0-301F-11D3-BF4B-00C04F79EFBC}") = "AuthServer.API", "AuthServer.API\AuthServer.API.csproj", "{4C05BA56-38FC-457F-A1CF-B3DFC205AF72}"
EndProject
Project("{FAE04EC0-301F-11D3-BF4B-00C04F79EFBC}") = "AuthServer.Core", "AuthServer.Core\AuthServer.Core.csproj", "{67F90C31-8FFF-48A1-9BEE-A9C52BE96D56}"
EndProject
Project("{FAE04EC0-301F-11D3-BF4B-00C04F79EFBC}") = "AuthServer.Data", "AuthServer.Data\AuthServer.Data.csproj", "{29E6E4B4-FCDC-4B9F-B01C-D7856E983961}"
EndProject
Project("{FAE04EC0-301F-11D3-BF4B-00C04F79EFBC}") = "AuthServer.Service", "AuthServer.Service\AuthServer.Service.csproj", "{8FAFDDF6-8794-48A1-B20D-E97647BB87AB}"
EndProject
Project("{FAE04EC0-301F-11D3-BF4B-00C04F79EFBC}") = "MiniApp1.API", "MiniApp1.API\MiniApp1.API.csproj", "{49F04EAF-565E-46A5-A3ED-83F0CCB0B4F6}"
EndProject
Project("{FAE04EC0-301F-11D3-BF4B-00C04F79EFBC}") = "MiniApp2.API", "MiniApp2.API\MiniApp2.API.csproj", "{7614BD50-6F51-43A9-8630-18DFD9590C01}"
EndProject
Project("{FAE04EC0-301F-11D3-BF4B-00C04F79EFBC}") = "MiniApp3.API", "MiniApp3.API\MiniApp3.API.csproj", "{2DA6A853-7C62-4698-A3F9-246D4A2515A8}"
EndProject
Project("{FAE04EC0-301F-11D3-BF4B-00C04F79EFBC}") = "SharedLibrary", "SharedLibrary\SharedLibrary.csproj", "{E0551A1A-FCEC-4224-9538-3880286049A8}"
EndProject
Global
	GlobalSection(SolutionConfigurationPlatforms) = preSolution
		Debug|Any CPU = Debug|Any CPU
		Release|Any CPU = Release|Any CPU
	EndGlobalSection
	GlobalSection(ProjectConfigurationPlatforms) = postSolution
		{4C05BA56-38FC-457F-A1CF-B3DFC205AF72}.Debug|Any CPU.ActiveCfg = Debug|Any CPU
		{4C05BA56-38FC-457F-A1CF-B3DFC205AF72}.Debug|Any CPU.Build.0 = Debug|Any CPU
		{4C05BA56-38FC-457F-A1CF-B3DFC205AF72}.Release|Any CPU.ActiveCfg = Release|Any CPU
		{4C05BA56-38FC-457F-A1CF-B3DFC205AF72}.Release|Any CPU.Build.0 = Release|Any CPU
		{67F90C31-8FFF-48A1-9BEE-A9C52BE96D56}.Debug|Any CPU.ActiveCfg = Debug|Any CPU
		{67F90C31-8FFF-48A1-9BEE-A9C52BE96D56}.Debug|Any CPU.Build.0 = Debug|Any CPU
		{67F90C31-8FFF-48A1-9BEE-A9C52BE96D56}.Release|Any CPU.ActiveCfg = Release|Any CPU
		{67F90C31-8FFF-48A1-9BEE-A9C52BE96D56}.Release|Any CPU.Build.0 = Release|Any CPU
		{29E6E4B4-FCDC-4B9F-B01C-D7856E983961}.Debug|Any CPU.ActiveCfg = Debug|Any CPU
		{29E6E4B4-FCDC-4B9F-B01C-D7856E983961}.Debug|Any CPU.Build.0 = Debug|Any CPU
		{29E6E4B4-FCDC-4B9F-B01C-D7856E983961}.Release|Any CPU.ActiveCfg = Release|Any CPU
		{29E6E4B4-FCDC-4B9F-B01C-D7856E983961}.Release|Any CPU.Build.0 = Release|Any CPU
		{8FAFDDF6-8794-48A1-B20D-E97647BB87AB}.Debug|Any CPU.ActiveCfg = Debug|Any CPU
		{8FAFDDF6-8794-48A1-B20D-E97647BB87AB}.Debug|Any CPU.Build.0 = Debug|Any CPU
		{8FAFDDF6-8794-48A1-B20D-E97647BB87AB}.Release|Any CPU.ActiveCfg = Release|Any CPU
		{8FAFDDF6-8794-48A1-B20D-E97647BB87AB}.Release|Any CPU.Build.0 = Release|Any CPU
		{49F04EAF-565E-46A5-A3ED-83F0CCB0B4F6}.Debug|Any CPU.ActiveCfg = Debug|Any CPU
		{49F04EAF-565E-46A5-A3ED-83F0CCB0B4F6}.Debug|Any CPU.Build.0 = Debug|Any CPU
		{49F04EAF-565E-46A5-A3ED-83F0CCB0B4F6}.Release|Any CPU.ActiveCfg = Release|Any CPU
		{49F04EAF-565E-46A5-A3ED-83F0CCB0B4F6}.Release|Any CPU.Build.0 = Release|Any CPU
		{7614BD50-6F51-43A9-8630-18DFD9590C01}.Debug|Any CPU.ActiveCfg = Debug|Any CPU
		{7614BD50-6F51-43A9-8630-18DFD9590C01}.Debug|Any CPU.Build.0 = Debug|Any CPU
		{7614BD50-6F51-43A9-8630-18DFD9590C01}.Release|Any CPU.ActiveCfg = Release|Any CPU
		{7614BD50-6F51-43A9-8630-18DFD9590C01}.Release|Any CPU.Build.0 = Release|Any CPU
		{2DA6A853-7C62-4698-A3F9-246D4A2515A8}.Debug|Any CPU.ActiveCfg = Debug|Any CPU
		{2DA6A853-7C62-4698-A3F9-246D4A2515A8}.Debug|Any CPU.Build.0 = Debug|Any CPU
		{2DA6A853-7C62-4698-A3F9-246D4A2515A8}.Release|Any CPU.ActiveCfg = Release|Any CPU
		{2DA6A853-7C62-4698-A3F9-246D4A2515A8}.Release|Any CPU.Build.0 = Release|Any CPU
		{E0551A1A-FCEC-4224-9538-3880286049A8}.Debug|Any CPU.ActiveCfg = Debug|Any CPU
		{E0551A1A-FCEC-4224-9538-3880286049A8}.Debug|Any CPU.Build.0 = Debug|Any CPU
		{E0551A1A-FCEC-4224-9538-3880286049A8}.Release|Any CPU.ActiveCfg = Release|Any CPU
		{E0551A1A-FCEC-4224-9538-3880286049A8}.Release|Any CPU.Build.0 = Release|Any CPU
	EndGlobalSection
	GlobalSection(SolutionProperties) = preSolution
		HideSolutionNode = FALSE
	EndGlobalSection
	GlobalSection(ExtensibilityGlobals) = postSolution
		SolutionGuid = {FE39707F-D1F7-41C9-88B0-1474755F482C}
	EndGlobalSection
EndGlobal
